Microsoft Visual Studio Solution File, Format Version 12.00
# Visual Studio Version 17
VisualStudioVersion = 17.5.2.0
MinimumVisualStudioVersion = 10.0.40219.1
Project("{FAE04EC0-301F-11D3-BF4B-00C04F79EFBC}") = "WayBankClient", "WayBankClient.csproj", "{60D59C72-4D45-5855-0CF1-12A5C4398D58}"
EndProject
Global
	GlobalSection(SolutionConfigurationPlatforms) = preSolution
		Debug|Any CPU = Debug|Any CPU
		Release|Any CPU = Release|Any CPU
	EndGlobalSection
	GlobalSection(ProjectConfigurationPlatforms) = postSolution
		{60D59C72-4D45-5855-0CF1-12A5C4398D58}.Debug|Any CPU.ActiveCfg = Debug|Any CPU
		{60D59C72-4D45-5855-0CF1-12A5C4398D58}.Debug|Any CPU.Build.0 = Debug|Any CPU
		{60D59C72-4D45-5855-0CF1-12A5C4398D58}.Release|Any CPU.ActiveCfg = Release|Any CPU
		{60D59C72-4D45-5855-0CF1-12A5C4398D58}.Release|Any CPU.Build.0 = Release|Any CPU
	EndGlobalSection
	GlobalSection(SolutionProperties) = preSolution
		HideSolutionNode = FALSE
	EndGlobalSection
	GlobalSection(ExtensibilityGlobals) = postSolution
		SolutionGuid = {758184E2-0D1D-4A54-8E93-52F79D4230E8}
	EndGlobalSection
EndGlobal
